
Microsoft Visual Studio Solution File, Format Version 12.00
# Visual Studio Version 17
VisualStudioVersion = 17.3.32922.545
MinimumVisualStudioVersion = 10.0.40219.1
Project("{FAE04EC0-301F-11D3-BF4B-00C04F79EFBC}") = "ObsProject", "ObsProject\ObsProject.csproj", "{B78DCE04-0B3B-4154-BE81-740CFE0E2266}"
EndProject
Global
	GlobalSection(SolutionConfigurationPlatforms) = preSolution
		Debug|Any CPU = Debug|Any CPU
		Release|Any CPU = Release|Any CPU
	EndGlobalSection
	GlobalSection(ProjectConfigurationPlatforms) = postSolution
		{B78DCE04-0B3B-4154-BE81-740CFE0E2266}.Debug|Any CPU.ActiveCfg = Debug|Any CPU
		{B78DCE04-0B3B-4154-BE81-740CFE0E2266}.Debug|Any CPU.Build.0 = Debug|Any CPU
		{B78DCE04-0B3B-4154-BE81-740CFE0E2266}.Release|Any CPU.ActiveCfg = Release|Any CPU
		{B78DCE04-0B3B-4154-BE81-740CFE0E2266}.Release|Any CPU.Build.0 = Release|Any CPU
	EndGlobalSection
	GlobalSection(SolutionProperties) = preSolution
		HideSolutionNode = FALSE
	EndGlobalSection
	GlobalSection(ExtensibilityGlobals) = postSolution
		SolutionGuid = {5CB72142-5F94-420C-A1B9-AC9DF1D4E00F}
	EndGlobalSection
EndGlobal
